
Microsoft Visual Studio Solution File, Format Version 12.00
# Visual Studio Version 17
VisualStudioVersion = 17.4.33122.133
MinimumVisualStudioVersion = 10.0.40219.1
Project("{9A19103F-16F7-4668-BE54-9A1E7A4F7556}") = "TicTacToe3D", "TicTacToe3D.csproj", "{11350496-02F8-4422-8FF0-FA61FC2818B9}"
EndProject
Global
	GlobalSection(SolutionConfigurationPlatforms) = preSolution
		Debug|Any CPU = Debug|Any CPU
		Release|Any CPU = Release|Any CPU
	EndGlobalSection
	GlobalSection(ProjectConfigurationPlatforms) = postSolution
		{11350496-02F8-4422-8FF0-FA61FC2818B9}.Debug|Any CPU.ActiveCfg = Debug|Any CPU
		{11350496-02F8-4422-8FF0-FA61FC2818B9}.Debug|Any CPU.Build.0 = Debug|Any CPU
		{11350496-02F8-4422-8FF0-FA61FC2818B9}.Release|Any CPU.ActiveCfg = Release|Any CPU
		{11350496-02F8-4422-8FF0-FA61FC2818B9}.Release|Any CPU.Build.0 = Release|Any CPU
	EndGlobalSection
	GlobalSection(SolutionProperties) = preSolution
		HideSolutionNode = FALSE
	EndGlobalSection
	GlobalSection(ExtensibilityGlobals) = postSolution
		SolutionGuid = {4B57F895-03DE-4718-BDB7-C169304B3845}
	EndGlobalSection
EndGlobal
